
Microsoft Visual Studio Solution File, Format Version 12.00
# Visual Studio Version 17
VisualStudioVersion = 17.14.36401.2 d17.14
MinimumVisualStudioVersion = 10.0.40219.1
Project("{FAE04EC0-301F-11D3-BF4B-00C04F79EFBC}") = "wsaffiliation", "wsaffiliation\wsaffiliation.csproj", "{CFA563D5-4768-463A-90D8-38C9641230D4}"
EndProject
Global
	GlobalSection(SolutionConfigurationPlatforms) = preSolution
		Debug|Any CPU = Debug|Any CPU
		Release|Any CPU = Release|Any CPU
	EndGlobalSection
	GlobalSection(ProjectConfigurationPlatforms) = postSolution
		{CFA563D5-4768-463A-90D8-38C9641230D4}.Debug|Any CPU.ActiveCfg = Debug|Any CPU
		{CFA563D5-4768-463A-90D8-38C9641230D4}.Debug|Any CPU.Build.0 = Debug|Any CPU
		{CFA563D5-4768-463A-90D8-38C9641230D4}.Release|Any CPU.ActiveCfg = Release|Any CPU
		{CFA563D5-4768-463A-90D8-38C9641230D4}.Release|Any CPU.Build.0 = Release|Any CPU
	EndGlobalSection
	GlobalSection(SolutionProperties) = preSolution
		HideSolutionNode = FALSE
	EndGlobalSection
	GlobalSection(ExtensibilityGlobals) = postSolution
		SolutionGuid = {08D061B1-7524-40D1-8CEF-34856CB70C83}
	EndGlobalSection
EndGlobal
